
Microsoft Visual Studio Solution File, Format Version 12.00
# Visual Studio Version 16
VisualStudioVersion = 16.0.29409.12
MinimumVisualStudioVersion = 10.0.40219.1
Project("{FAE04EC0-301F-11D3-BF4B-00C04F79EFBC}") = "View", "View\View.csproj", "{D05D60B8-21B9-4C06-9E34-268225BDE0C3}"
EndProject
Project("{FAE04EC0-301F-11D3-BF4B-00C04F79EFBC}") = "ViewModel", "ViewModel\ViewModel.csproj", "{AD12B188-046C-4027-B833-D8575BAEDE8A}"
EndProject
Project("{FAE04EC0-301F-11D3-BF4B-00C04F79EFBC}") = "Model", "Model\Model.csproj", "{35FAB77F-ADFC-48CC-AD4F-A88D205D3E50}"
EndProject
Project("{FAE04EC0-301F-11D3-BF4B-00C04F79EFBC}") = "Tests", "Tests\Tests.csproj", "{4C0CC200-FC71-4883-A96C-8A5901B63D8C}"
EndProject
Project("{FAE04EC0-301F-11D3-BF4B-00C04F79EFBC}") = "TestAssembly", "TestAssembly\TestAssembly.csproj", "{D1E883B1-9879-4F04-B0E3-8BFA4943B40B}"
EndProject
Global
	GlobalSection(SolutionConfigurationPlatforms) = preSolution
		Debug|Any CPU = Debug|Any CPU
		Release|Any CPU = Release|Any CPU
	EndGlobalSection
	GlobalSection(ProjectConfigurationPlatforms) = postSolution
		{D05D60B8-21B9-4C06-9E34-268225BDE0C3}.Debug|Any CPU.ActiveCfg = Debug|Any CPU
		{D05D60B8-21B9-4C06-9E34-268225BDE0C3}.Debug|Any CPU.Build.0 = Debug|Any CPU
		{D05D60B8-21B9-4C06-9E34-268225BDE0C3}.Release|Any CPU.ActiveCfg = Release|Any CPU
		{D05D60B8-21B9-4C06-9E34-268225BDE0C3}.Release|Any CPU.Build.0 = Release|Any CPU
		{AD12B188-046C-4027-B833-D8575BAEDE8A}.Debug|Any CPU.ActiveCfg = Debug|Any CPU
		{AD12B188-046C-4027-B833-D8575BAEDE8A}.Debug|Any CPU.Build.0 = Debug|Any CPU
		{AD12B188-046C-4027-B833-D8575BAEDE8A}.Release|Any CPU.ActiveCfg = Release|Any CPU
		{AD12B188-046C-4027-B833-D8575BAEDE8A}.Release|Any CPU.Build.0 = Release|Any CPU
		{35FAB77F-ADFC-48CC-AD4F-A88D205D3E50}.Debug|Any CPU.ActiveCfg = Debug|Any CPU
		{35FAB77F-ADFC-48CC-AD4F-A88D205D3E50}.Debug|Any CPU.Build.0 = Debug|Any CPU
		{35FAB77F-ADFC-48CC-AD4F-A88D205D3E50}.Release|Any CPU.ActiveCfg = Release|Any CPU
		{35FAB77F-ADFC-48CC-AD4F-A88D205D3E50}.Release|Any CPU.Build.0 = Release|Any CPU
		{4C0CC200-FC71-4883-A96C-8A5901B63D8C}.Debug|Any CPU.ActiveCfg = Debug|Any CPU
		{4C0CC200-FC71-4883-A96C-8A5901B63D8C}.Debug|Any CPU.Build.0 = Debug|Any CPU
		{4C0CC200-FC71-4883-A96C-8A5901B63D8C}.Release|Any CPU.ActiveCfg = Release|Any CPU
		{4C0CC200-FC71-4883-A96C-8A5901B63D8C}.Release|Any CPU.Build.0 = Release|Any CPU
		{D1E883B1-9879-4F04-B0E3-8BFA4943B40B}.Debug|Any CPU.ActiveCfg = Debug|Any CPU
		{D1E883B1-9879-4F04-B0E3-8BFA4943B40B}.Debug|Any CPU.Build.0 = Debug|Any CPU
		{D1E883B1-9879-4F04-B0E3-8BFA4943B40B}.Release|Any CPU.ActiveCfg = Release|Any CPU
		{D1E883B1-9879-4F04-B0E3-8BFA4943B40B}.Release|Any CPU.Build.0 = Release|Any CPU
	EndGlobalSection
	GlobalSection(SolutionProperties) = preSolution
		HideSolutionNode = FALSE
	EndGlobalSection
	GlobalSection(ExtensibilityGlobals) = postSolution
		SolutionGuid = {D958C881-FB52-493A-BC57-ECFE3D131963}
	EndGlobalSection
EndGlobal
